// !$*UTF8*$!
{
	archiveVersion = 1;
	classes = {
	};
	objectVersion = 50;
	objects = {

/* Begin PBXBuildFile section */
		7B9EC859EA8DDA6A7BCE3F84 /* Pods_VKDakhelOlga.framework in Frameworks */ = {isa = PBXBuildFile; fileRef = AB83B282861BBDA4EA0DA635 /* Pods_VKDakhelOlga.framework */; };
		FA117368228EFB7E0011F1E4 /* Account.swift in Sources */ = {isa = PBXBuildFile; fileRef = FA117367228EFB7E0011F1E4 /* Account.swift */; };
		FA3F8A562285D04E0037461E /* CustomSegue.swift in Sources */ = {isa = PBXBuildFile; fileRef = FA3F8A552285D04E0037461E /* CustomSegue.swift */; };
		FA3F8A582285D5350037461E /* CustomNavigationController.swift in Sources */ = {isa = PBXBuildFile; fileRef = FA3F8A572285D5350037461E /* CustomNavigationController.swift */; };
		FA41E670225BCE45004E2856 /* MyFriendsCell.swift in Sources */ = {isa = PBXBuildFile; fileRef = FA41E66F225BCE45004E2856 /* MyFriendsCell.swift */; };
		FA74AB8A226B404D00CAFDF5 /* GradientView.swift in Sources */ = {isa = PBXBuildFile; fileRef = FA74AB89226B404D00CAFDF5 /* GradientView.swift */; };
		FA96441322A1A1EF001212D9 /* UIViewController+Ext.swift in Sources */ = {isa = PBXBuildFile; fileRef = FA96441222A1A1EF001212D9 /* UIViewController+Ext.swift */; };
		FA96441522A43049001212D9 /* RealmSwift.framework in Frameworks */ = {isa = PBXBuildFile; fileRef = FA96441422A43049001212D9 /* RealmSwift.framework */; };
		FA96441722A432E7001212D9 /* Realm.framework in Frameworks */ = {isa = PBXBuildFile; fileRef = FA96441622A432E7001212D9 /* Realm.framework */; };
		FAA0808A225D019E00D3FC47 /* GroupCell.swift in Sources */ = {isa = PBXBuildFile; fileRef = FAA08089225D019E00D3FC47 /* GroupCell.swift */; };
		FAA0808C225D0CEA00D3FC47 /* PhotoCell.swift in Sources */ = {isa = PBXBuildFile; fileRef = FAA0808B225D0CEA00D3FC47 /* PhotoCell.swift */; };
		FAA0808F225D24FB00D3FC47 /* Group.swift in Sources */ = {isa = PBXBuildFile; fileRef = FAA0808E225D24FB00D3FC47 /* Group.swift */; };
		FAA08092225D285100D3FC47 /* User.swift in Sources */ = {isa = PBXBuildFile; fileRef = FAA08091225D285100D3FC47 /* User.swift */; };
		FAA746DA226FB08D00AC7C1F /* Assets.xcassets in Resources */ = {isa = PBXBuildFile; fileRef = FAA746D9226FB08D00AC7C1F /* Assets.xcassets */; };
		FAAAE1A72264F4190009A984 /* ShadowView.swift in Sources */ = {isa = PBXBuildFile; fileRef = FAAAE1A62264F4190009A984 /* ShadowView.swift */; };
		FAAAE1AA2265F8F90009A984 /* LikeControl.swift in Sources */ = {isa = PBXBuildFile; fileRef = FAAAE1A92265F8F90009A984 /* LikeControl.swift */; };
		FAB4750122778D5300EE585C /* Indicator.swift in Sources */ = {isa = PBXBuildFile; fileRef = FAB4750022778D5300EE585C /* Indicator.swift */; };
		FAB47503227AF66900EE585C /* LoadingDotsView.swift in Sources */ = {isa = PBXBuildFile; fileRef = FAB47502227AF66900EE585C /* LoadingDotsView.swift */; };
		FAB47507227B1C9C00EE585C /* BigPhotoController.swift in Sources */ = {isa = PBXBuildFile; fileRef = FAB47506227B1C9C00EE585C /* BigPhotoController.swift */; };
		FAB7889F2271FADD00FA0708 /* NewsController.swift in Sources */ = {isa = PBXBuildFile; fileRef = FAB7889E2271FADD00FA0708 /* NewsController.swift */; };
		FAB788A12271FEE500FA0708 /* NewsHeaderCell.swift in Sources */ = {isa = PBXBuildFile; fileRef = FAB788A02271FEE500FA0708 /* NewsHeaderCell.swift */; };
		FAB788A32271FF0400FA0708 /* NewsTextCell.swift in Sources */ = {isa = PBXBuildFile; fileRef = FAB788A22271FF0400FA0708 /* NewsTextCell.swift */; };
		FAB788A52271FF3F00FA0708 /* NewsImageCell.swift in Sources */ = {isa = PBXBuildFile; fileRef = FAB788A42271FF3F00FA0708 /* NewsImageCell.swift */; };
		FAB788A72271FF5D00FA0708 /* NewsControlCell.swift in Sources */ = {isa = PBXBuildFile; fileRef = FAB788A62271FF5D00FA0708 /* NewsControlCell.swift */; };
		FAB788A9227479F700FA0708 /* News.swift in Sources */ = {isa = PBXBuildFile; fileRef = FAB788A8227479F600FA0708 /* News.swift */; };
		FABA3F7722940F9700F8D420 /* NetworkingService.swift in Sources */ = {isa = PBXBuildFile; fileRef = FABA3F7622940F9700F8D420 /* NetworkingService.swift */; };
		FABA3F792294101900F8D420 /* LoginVKController.swift in Sources */ = {isa = PBXBuildFile; fileRef = FABA3F782294101900F8D420 /* LoginVKController.swift */; };
		FABA3F7C229410BC00F8D420 /* WebKit.framework in Frameworks */ = {isa = PBXBuildFile; fileRef = FABA3F7B229410BC00F8D420 /* WebKit.framework */; };
		FABA3F7E22945B4000F8D420 /* Alamofire.framework in Frameworks */ = {isa = PBXBuildFile; fileRef = FABA3F7D22945B4000F8D420 /* Alamofire.framework */; };
		FAD3C2D422821916001E1504 /* Animator.swift in Sources */ = {isa = PBXBuildFile; fileRef = FAD3C2D322821916001E1504 /* Animator.swift */; };
		FAD3C2EB2284535E001E1504 /* Photo.swift in Sources */ = {isa = PBXBuildFile; fileRef = FAD3C2EA2284535E001E1504 /* Photo.swift */; };
		FADCF62D225BC4E600D65E87 /* AppDelegate.swift in Sources */ = {isa = PBXBuildFile; fileRef = FADCF62C225BC4E600D65E87 /* AppDelegate.swift */; };
		FADCF637225BC4E700D65E87 /* LaunchScreen.storyboard in Resources */ = {isa = PBXBuildFile; fileRef = FADCF635225BC4E700D65E87 /* LaunchScreen.storyboard */; };
		FADCF653225BC54400D65E87 /* AddFriendController.swift in Sources */ = {isa = PBXBuildFile; fileRef = FADCF642225BC54400D65E87 /* AddFriendController.swift */; };
		FADCF654225BC54400D65E87 /* AddGroupController.swift in Sources */ = {isa = PBXBuildFile; fileRef = FADCF643225BC54400D65E87 /* AddGroupController.swift */; };
		FADCF655225BC54400D65E87 /* FriendsPhotoController.swift in Sources */ = {isa = PBXBuildFile; fileRef = FADCF644225BC54400D65E87 /* FriendsPhotoController.swift */; };
		FADCF656225BC54400D65E87 /* LoginController.swift in Sources */ = {isa = PBXBuildFile; fileRef = FADCF645225BC54400D65E87 /* LoginController.swift */; };
		FADCF657225BC54400D65E87 /* MainScreenController.swift in Sources */ = {isa = PBXBuildFile; fileRef = FADCF646225BC54400D65E87 /* MainScreenController.swift */; };
		FADCF658225BC54400D65E87 /* MyFriendsController.swift in Sources */ = {isa = PBXBuildFile; fileRef = FADCF647225BC54400D65E87 /* MyFriendsController.swift */; };
		FADCF659225BC54400D65E87 /* MyGroupsController.swift in Sources */ = {isa = PBXBuildFile; fileRef = FADCF648225BC54400D65E87 /* MyGroupsController.swift */; };
		FADCF65E225BC54400D65E87 /* Main.storyboard in Resources */ = {isa = PBXBuildFile; fileRef = FADCF64F225BC54400D65E87 /* Main.storyboard */; };
		FAF4C14E22982497006BF734 /* SwiftyJSON.framework in Frameworks */ = {isa = PBXBuildFile; fileRef = FAF4C14D22982497006BF734 /* SwiftyJSON.framework */; };
/* End PBXBuildFile section */

/* Begin PBXFileReference section */
		21FA2082255EE22570BD91AC /* Pods-VKDakhelOlga.debug.xcconfig */ = {isa = PBXFileReference; includeInIndex = 1; lastKnownFileType = text.xcconfig; name = "Pods-VKDakhelOlga.debug.xcconfig"; path = "Target Support Files/Pods-VKDakhelOlga/Pods-VKDakhelOlga.debug.xcconfig"; sourceTree = "<group>"; };
		42AC2330D77AAF4556A13558 /* Pods-VKDakhelOlga.release.xcconfig */ = {isa = PBXFileReference; includeInIndex = 1; lastKnownFileType = text.xcconfig; name = "Pods-VKDakhelOlga.release.xcconfig"; path = "Target Support Files/Pods-VKDakhelOlga/Pods-VKDakhelOlga.release.xcconfig"; sourceTree = "<group>"; };
		AB83B282861BBDA4EA0DA635 /* Pods_VKDakhelOlga.framework */ = {isa = PBXFileReference; explicitFileType = wrapper.framework; includeInIndex = 0; path = Pods_VKDakhelOlga.framework; sourceTree = BUILT_PRODUCTS_DIR; };
		FA117367228EFB7E0011F1E4 /* Account.swift */ = {isa = PBXFileReference; lastKnownFileType = sourcecode.swift; path = Account.swift; sourceTree = "<group>"; };
		FA3F8A552285D04E0037461E /* CustomSegue.swift */ = {isa = PBXFileReference; lastKnownFileType = sourcecode.swift; path = CustomSegue.swift; sourceTree = "<group>"; };
		FA3F8A572285D5350037461E /* CustomNavigationController.swift */ = {isa = PBXFileReference; lastKnownFileType = sourcecode.swift; path = CustomNavigationController.swift; sourceTree = "<group>"; };
		FA41E66F225BCE45004E2856 /* MyFriendsCell.swift */ = {isa = PBXFileReference; lastKnownFileType = sourcecode.swift; path = MyFriendsCell.swift; sourceTree = "<group>"; };
		FA74AB89226B404D00CAFDF5 /* GradientView.swift */ = {isa = PBXFileReference; lastKnownFileType = sourcecode.swift; path = GradientView.swift; sourceTree = "<group>"; };
		FA96441222A1A1EF001212D9 /* UIViewController+Ext.swift */ = {isa = PBXFileReference; lastKnownFileType = sourcecode.swift; path = "UIViewController+Ext.swift"; sourceTree = "<group>"; };
		FA96441422A43049001212D9 /* RealmSwift.framework */ = {isa = PBXFileReference; explicitFileType = wrapper.framework; path = RealmSwift.framework; sourceTree = BUILT_PRODUCTS_DIR; };
		FA96441622A432E7001212D9 /* Realm.framework */ = {isa = PBXFileReference; explicitFileType = wrapper.framework; path = Realm.framework; sourceTree = BUILT_PRODUCTS_DIR; };
		FAA08089225D019E00D3FC47 /* GroupCell.swift */ = {isa = PBXFileReference; lastKnownFileType = sourcecode.swift; path = GroupCell.swift; sourceTree = "<group>"; };
		FAA0808B225D0CEA00D3FC47 /* PhotoCell.swift */ = {isa = PBXFileReference; lastKnownFileType = sourcecode.swift; path = PhotoCell.swift; sourceTree = "<group>"; };
		FAA0808E225D24FB00D3FC47 /* Group.swift */ = {isa = PBXFileReference; lastKnownFileType = sourcecode.swift; path = Group.swift; sourceTree = "<group>"; };
		FAA08091225D285100D3FC47 /* User.swift */ = {isa = PBXFileReference; lastKnownFileType = sourcecode.swift; path = User.swift; sourceTree = "<group>"; };
		FAA746D9226FB08D00AC7C1F /* Assets.xcassets */ = {isa = PBXFileReference; lastKnownFileType = folder.assetcatalog; name = Assets.xcassets; path = ../Assets.xcassets; sourceTree = "<group>"; };
		FAAAE1A62264F4190009A984 /* ShadowView.swift */ = {isa = PBXFileReference; lastKnownFileType = sourcecode.swift; path = ShadowView.swift; sourceTree = "<group>"; };
		FAAAE1A92265F8F90009A984 /* LikeControl.swift */ = {isa = PBXFileReference; lastKnownFileType = sourcecode.swift; path = LikeControl.swift; sourceTree = "<group>"; };
		FAB4750022778D5300EE585C /* Indicator.swift */ = {isa = PBXFileReference; lastKnownFileType = sourcecode.swift; path = Indicator.swift; sourceTree = "<group>"; };
		FAB47502227AF66900EE585C /* LoadingDotsView.swift */ = {isa = PBXFileReference; lastKnownFileType = sourcecode.swift; path = LoadingDotsView.swift; sourceTree = "<group>"; };
		FAB47506227B1C9C00EE585C /* BigPhotoController.swift */ = {isa = PBXFileReference; lastKnownFileType = sourcecode.swift; path = BigPhotoController.swift; sourceTree = "<group>"; };
		FAB7889E2271FADD00FA0708 /* NewsController.swift */ = {isa = PBXFileReference; lastKnownFileType = sourcecode.swift; path = NewsController.swift; sourceTree = "<group>"; };
		FAB788A02271FEE500FA0708 /* NewsHeaderCell.swift */ = {isa = PBXFileReference; lastKnownFileType = sourcecode.swift; path = NewsHeaderCell.swift; sourceTree = "<group>"; };
		FAB788A22271FF0400FA0708 /* NewsTextCell.swift */ = {isa = PBXFileReference; lastKnownFileType = sourcecode.swift; path = NewsTextCell.swift; sourceTree = "<group>"; };
		FAB788A42271FF3F00FA0708 /* NewsImageCell.swift */ = {isa = PBXFileReference; lastKnownFileType = sourcecode.swift; path = NewsImageCell.swift; sourceTree = "<group>"; };
		FAB788A62271FF5D00FA0708 /* NewsControlCell.swift */ = {isa = PBXFileReference; lastKnownFileType = sourcecode.swift; path = NewsControlCell.swift; sourceTree = "<group>"; };
		FAB788A8227479F600FA0708 /* News.swift */ = {isa = PBXFileReference; lastKnownFileType = sourcecode.swift; path = News.swift; sourceTree = "<group>"; };
		FABA3F7622940F9700F8D420 /* NetworkingService.swift */ = {isa = PBXFileReference; lastKnownFileType = sourcecode.swift; path = NetworkingService.swift; sourceTree = "<group>"; };
		FABA3F782294101900F8D420 /* LoginVKController.swift */ = {isa = PBXFileReference; lastKnownFileType = sourcecode.swift; path = LoginVKController.swift; sourceTree = "<group>"; };
		FABA3F7B229410BC00F8D420 /* WebKit.framework */ = {isa = PBXFileReference; lastKnownFileType = wrapper.framework; name = WebKit.framework; path = System/Library/Frameworks/WebKit.framework; sourceTree = SDKROOT; };
		FABA3F7D22945B4000F8D420 /* Alamofire.framework */ = {isa = PBXFileReference; explicitFileType = wrapper.framework; path = Alamofire.framework; sourceTree = BUILT_PRODUCTS_DIR; };
		FAD3C2D322821916001E1504 /* Animator.swift */ = {isa = PBXFileReference; lastKnownFileType = sourcecode.swift; path = Animator.swift; sourceTree = "<group>"; };
		FAD3C2EA2284535E001E1504 /* Photo.swift */ = {isa = PBXFileReference; lastKnownFileType = sourcecode.swift; path = Photo.swift; sourceTree = "<group>"; };
		FADCF629225BC4E600D65E87 /* VKDakhelOlga.app */ = {isa = PBXFileReference; explicitFileType = wrapper.application; includeInIndex = 0; path = VKDakhelOlga.app; sourceTree = BUILT_PRODUCTS_DIR; };
		FADCF62C225BC4E600D65E87 /* AppDelegate.swift */ = {isa = PBXFileReference; lastKnownFileType = sourcecode.swift; path = AppDelegate.swift; sourceTree = "<group>"; };
		FADCF636225BC4E700D65E87 /* Base */ = {isa = PBXFileReference; lastKnownFileType = file.storyboard; name = Base; path = Base.lproj/LaunchScreen.storyboard; sourceTree = "<group>"; };
		FADCF638225BC4E700D65E87 /* Info.plist */ = {isa = PBXFileReference; lastKnownFileType = text.plist.xml; path = Info.plist; sourceTree = "<group>"; };
		FADCF642225BC54400D65E87 /* AddFriendController.swift */ = {isa = PBXFileReference; fileEncoding = 4; lastKnownFileType = sourcecode.swift; path = AddFriendController.swift; sourceTree = "<group>"; };
		FADCF643225BC54400D65E87 /* AddGroupController.swift */ = {isa = PBXFileReference; fileEncoding = 4; lastKnownFileType = sourcecode.swift; path = AddGroupController.swift; sourceTree = "<group>"; };
		FADCF644225BC54400D65E87 /* FriendsPhotoController.swift */ = {isa = PBXFileReference; fileEncoding = 4; lastKnownFileType = sourcecode.swift; path = FriendsPhotoController.swift; sourceTree = "<group>"; };
		FADCF645225BC54400D65E87 /* LoginController.swift */ = {isa = PBXFileReference; fileEncoding = 4; lastKnownFileType = sourcecode.swift; path = LoginController.swift; sourceTree = "<group>"; };
		FADCF646225BC54400D65E87 /* MainScreenController.swift */ = {isa = PBXFileReference; fileEncoding = 4; lastKnownFileType = sourcecode.swift; path = MainScreenController.swift; sourceTree = "<group>"; };
		FADCF647225BC54400D65E87 /* MyFriendsController.swift */ = {isa = PBXFileReference; fileEncoding = 4; lastKnownFileType = sourcecode.swift; path = MyFriendsController.swift; sourceTree = "<group>"; };
		FADCF648225BC54400D65E87 /* MyGroupsController.swift */ = {isa = PBXFileReference; fileEncoding = 4; lastKnownFileType = sourcecode.swift; path = MyGroupsController.swift; sourceTree = "<group>"; };
		FADCF650225BC54400D65E87 /* Base */ = {isa = PBXFileReference; lastKnownFileType = file.storyboard; name = Base; path = Base.lproj/Main.storyboard; sourceTree = "<group>"; };
		FAF4C14D22982497006BF734 /* SwiftyJSON.framework */ = {isa = PBXFileReference; explicitFileType = wrapper.framework; path = SwiftyJSON.framework; sourceTree = BUILT_PRODUCTS_DIR; };
/* End PBXFileReference section */

/* Begin PBXFrameworksBuildPhase section */
		FADCF626225BC4E600D65E87 /* Frameworks */ = {
			isa = PBXFrameworksBuildPhase;
			buildActionMask = 2147483647;
			files = (
				FA96441722A432E7001212D9 /* Realm.framework in Frameworks */,
				FA96441522A43049001212D9 /* RealmSwift.framework in Frameworks */,
				FAF4C14E22982497006BF734 /* SwiftyJSON.framework in Frameworks */,
				FABA3F7E22945B4000F8D420 /* Alamofire.framework in Frameworks */,
				FABA3F7C229410BC00F8D420 /* WebKit.framework in Frameworks */,
				7B9EC859EA8DDA6A7BCE3F84 /* Pods_VKDakhelOlga.framework in Frameworks */,
			);
			runOnlyForDeploymentPostprocessing = 0;
		};
/* End PBXFrameworksBuildPhase section */

/* Begin PBXGroup section */
		CD98CD827DC5477D604D3D61 /* Pods */ = {
			isa = PBXGroup;
			children = (
				21FA2082255EE22570BD91AC /* Pods-VKDakhelOlga.debug.xcconfig */,
				42AC2330D77AAF4556A13558 /* Pods-VKDakhelOlga.release.xcconfig */,
			);
			path = Pods;
			sourceTree = "<group>";
		};
		FA117366228EFAF20011F1E4 /* Sessions */ = {
			isa = PBXGroup;
			children = (
				FA117367228EFB7E0011F1E4 /* Account.swift */,
			);
			path = Sessions;
			sourceTree = "<group>";
		};
		FA41E66D225BC7D0004E2856 /* Controllers */ = {
			isa = PBXGroup;
			children = (
				FA96441222A1A1EF001212D9 /* UIViewController+Ext.swift */,
				FAD3C2E62284241A001E1504 /* Login */,
				FAD3C2E722842422001E1504 /* Main Screen */,
				FAD3C2D72284218B001E1504 /* News */,
				FAD3C2DE2284228D001E1504 /* Groups */,
				FAD3C2DD2284228A001E1504 /* MyFriends */,
				FAD3C2DF22842292001E1504 /* Little Photo */,
				FAD3C2D522842006001E1504 /* Big Photo */,
				FAAAE1A82264FA9E0009A984 /* Custom control */,
			);
			path = Controllers;
			sourceTree = "<group>";
		};
		FA41E66E225BC7ED004E2856 /* View */ = {
			isa = PBXGroup;
			children = (
				FAA746D9226FB08D00AC7C1F /* Assets.xcassets */,
				FADCF64F225BC54400D65E87 /* Main.storyboard */,
				FADCF635225BC4E700D65E87 /* LaunchScreen.storyboard */,
			);
			path = View;
			sourceTree = "<group>";
		};
		FAA08090225D25A500D3FC47 /* Model */ = {
			isa = PBXGroup;
			children = (
				FAD3C2EA2284535E001E1504 /* Photo.swift */,
				FAA08091225D285100D3FC47 /* User.swift */,
				FAA0808E225D24FB00D3FC47 /* Group.swift */,
				FAB788A8227479F600FA0708 /* News.swift */,
			);
			path = Model;
			sourceTree = "<group>";
		};
		FAAAE1A82264FA9E0009A984 /* Custom control */ = {
			isa = PBXGroup;
			children = (
				FA3F8A572285D5350037461E /* CustomNavigationController.swift */,
				FA3F8A552285D04E0037461E /* CustomSegue.swift */,
				FAD3C2D322821916001E1504 /* Animator.swift */,
				FAAAE1A62264F4190009A984 /* ShadowView.swift */,
				FAAAE1A92265F8F90009A984 /* LikeControl.swift */,
				FA74AB89226B404D00CAFDF5 /* GradientView.swift */,
				FAB47502227AF66900EE585C /* LoadingDotsView.swift */,
				FAB4750022778D5300EE585C /* Indicator.swift */,
			);
			path = "Custom control";
			sourceTree = "<group>";
		};
		FABA3F7A229410BB00F8D420 /* Frameworks */ = {
			isa = PBXGroup;
			children = (
				FA96441622A432E7001212D9 /* Realm.framework */,
				FA96441422A43049001212D9 /* RealmSwift.framework */,
				FAF4C14D22982497006BF734 /* SwiftyJSON.framework */,
				FABA3F7D22945B4000F8D420 /* Alamofire.framework */,
				FABA3F7B229410BC00F8D420 /* WebKit.framework */,
				AB83B282861BBDA4EA0DA635 /* Pods_VKDakhelOlga.framework */,
			);
			name = Frameworks;
			sourceTree = "<group>";
		};
		FAD3C2D522842006001E1504 /* Big Photo */ = {
			isa = PBXGroup;
			children = (
				FAD3C2DB2284224A001E1504 /* Controller */,
			);
			path = "Big Photo";
			sourceTree = "<group>";
		};
		FAD3C2D72284218B001E1504 /* News */ = {
			isa = PBXGroup;
			children = (
				FAD3C2DA22842231001E1504 /* Controller */,
				FAD3C2D9228421BC001E1504 /* Cells */,
			);
			path = News;
			sourceTree = "<group>";
		};
		FAD3C2D9228421BC001E1504 /* Cells */ = {
			isa = PBXGroup;
			children = (
				FAB788A02271FEE500FA0708 /* NewsHeaderCell.swift */,
				FAB788A42271FF3F00FA0708 /* NewsImageCell.swift */,
				FAB788A62271FF5D00FA0708 /* NewsControlCell.swift */,
				FAB788A22271FF0400FA0708 /* NewsTextCell.swift */,
			);
			path = Cells;
			sourceTree = "<group>";
		};
		FAD3C2DA22842231001E1504 /* Controller */ = {
			isa = PBXGroup;
			children = (
				FAB7889E2271FADD00FA0708 /* NewsController.swift */,
			);
			path = Controller;
			sourceTree = "<group>";
		};
		FAD3C2DB2284224A001E1504 /* Controller */ = {
			isa = PBXGroup;
			children = (
				FAB47506227B1C9C00EE585C /* BigPhotoController.swift */,
			);
			path = Controller;
			sourceTree = "<group>";
		};
		FAD3C2DD2284228A001E1504 /* MyFriends */ = {
			isa = PBXGroup;
			children = (
				FAD3C2E1228422A9001E1504 /* Controllers */,
				FAD3C2E2228422B5001E1504 /* Cell */,
			);
			path = MyFriends;
			sourceTree = "<group>";
		};
		FAD3C2DE2284228D001E1504 /* Groups */ = {
			isa = PBXGroup;
			children = (
				FAD3C2E022842295001E1504 /* Controllers */,
				FAD3C2E322842317001E1504 /* Cell */,
			);
			path = Groups;
			sourceTree = "<group>";
		};
		FAD3C2DF22842292001E1504 /* Little Photo */ = {
			isa = PBXGroup;
			children = (
				FAD3C2E422842365001E1504 /* Controller */,
				FAD3C2E5228423BC001E1504 /* Cell */,
			);
			path = "Little Photo";
			sourceTree = "<group>";
		};
		FAD3C2E022842295001E1504 /* Controllers */ = {
			isa = PBXGroup;
			children = (
				FADCF643225BC54400D65E87 /* AddGroupController.swift */,
				FADCF648225BC54400D65E87 /* MyGroupsController.swift */,
			);
			path = Controllers;
			sourceTree = "<group>";
		};
		FAD3C2E1228422A9001E1504 /* Controllers */ = {
			isa = PBXGroup;
			children = (
				FADCF647225BC54400D65E87 /* MyFriendsController.swift */,
				FADCF642225BC54400D65E87 /* AddFriendController.swift */,
			);
			path = Controllers;
			sourceTree = "<group>";
		};
		FAD3C2E2228422B5001E1504 /* Cell */ = {
			isa = PBXGroup;
			children = (
				FA41E66F225BCE45004E2856 /* MyFriendsCell.swift */,
			);
			path = Cell;
			sourceTree = "<group>";
		};
		FAD3C2E322842317001E1504 /* Cell */ = {
			isa = PBXGroup;
			children = (
				FAA08089225D019E00D3FC47 /* GroupCell.swift */,
			);
			path = Cell;
			sourceTree = "<group>";
		};
		FAD3C2E422842365001E1504 /* Controller */ = {
			isa = PBXGroup;
			children = (
				FADCF644225BC54400D65E87 /* FriendsPhotoController.swift */,
			);
			path = Controller;
			sourceTree = "<group>";
		};
		FAD3C2E5228423BC001E1504 /* Cell */ = {
			isa = PBXGroup;
			children = (
				FAA0808B225D0CEA00D3FC47 /* PhotoCell.swift */,
			);
			path = Cell;
			sourceTree = "<group>";
		};
		FAD3C2E62284241A001E1504 /* Login */ = {
			isa = PBXGroup;
			children = (
				FAD3C2E822842452001E1504 /* Controller */,
				FADCF645225BC54400D65E87 /* LoginController.swift */,
			);
			path = Login;
			sourceTree = "<group>";
		};
		FAD3C2E722842422001E1504 /* Main Screen */ = {
			isa = PBXGroup;
			children = (
				FAD3C2E922842483001E1504 /* Controller */,
			);
			path = "Main Screen";
			sourceTree = "<group>";
		};
		FAD3C2E822842452001E1504 /* Controller */ = {
			isa = PBXGroup;
			children = (
				FABA3F782294101900F8D420 /* LoginVKController.swift */,
			);
			path = Controller;
			sourceTree = "<group>";
		};
		FAD3C2E922842483001E1504 /* Controller */ = {
			isa = PBXGroup;
			children = (
				FADCF646225BC54400D65E87 /* MainScreenController.swift */,
			);
			path = Controller;
			sourceTree = "<group>";
		};
		FADCF620225BC4E600D65E87 = {
			isa = PBXGroup;
			children = (
				FADCF62B225BC4E600D65E87 /* VKDakhelOlga */,
				FADCF62A225BC4E600D65E87 /* Products */,
				FABA3F7A229410BB00F8D420 /* Frameworks */,
				CD98CD827DC5477D604D3D61 /* Pods */,
			);
			sourceTree = "<group>";
		};
		FADCF62A225BC4E600D65E87 /* Products */ = {
			isa = PBXGroup;
			children = (
				FADCF629225BC4E600D65E87 /* VKDakhelOlga.app */,
			);
			name = Products;
			sourceTree = "<group>";
		};
		FADCF62B225BC4E600D65E87 /* VKDakhelOlga */ = {
			isa = PBXGroup;
			children = (
				FADCF62C225BC4E600D65E87 /* AppDelegate.swift */,
				FABA3F7622940F9700F8D420 /* NetworkingService.swift */,
				FA117366228EFAF20011F1E4 /* Sessions */,
				FAA08090225D25A500D3FC47 /* Model */,
				FA41E66D225BC7D0004E2856 /* Controllers */,
				FA41E66E225BC7ED004E2856 /* View */,
				FADCF638225BC4E700D65E87 /* Info.plist */,
			);
			path = VKDakhelOlga;
			sourceTree = "<group>";
		};
/* End PBXGroup section */

/* Begin PBXNativeTarget section */
		FADCF628225BC4E600D65E87 /* VKDakhelOlga */ = {
			isa = PBXNativeTarget;
			buildConfigurationList = FADCF63B225BC4E700D65E87 /* Build configuration list for PBXNativeTarget "VKDakhelOlga" */;
			buildPhases = (
				0C18F9146CC685FA74AC564C /* [CP] Check Pods Manifest.lock */,
				FADCF625225BC4E600D65E87 /* Sources */,
				FADCF626225BC4E600D65E87 /* Frameworks */,
				FADCF627225BC4E600D65E87 /* Resources */,
				7FB25036E0F375540303D073 /* [CP] Embed Pods Frameworks */,
			);
			buildRules = (
			);
			dependencies = (
			);
			name = VKDakhelOlga;
			productName = VKDakhelOlga;
			productReference = FADCF629225BC4E600D65E87 /* VKDakhelOlga.app */;
			productType = "com.apple.product-type.application";
		};
/* End PBXNativeTarget section */

/* Begin PBXProject section */
		FADCF621225BC4E600D65E87 /* Project object */ = {
			isa = PBXProject;
			attributes = {
				LastSwiftUpdateCheck = 1010;
				LastUpgradeCheck = 1010;
				ORGANIZATIONNAME = MacBook;
				TargetAttributes = {
					FADCF628225BC4E600D65E87 = {
						CreatedOnToolsVersion = 10.1;
						LastSwiftMigration = 1020;
					};
				};
			};
			buildConfigurationList = FADCF624225BC4E600D65E87 /* Build configuration list for PBXProject "VKDakhelOlga" */;
			compatibilityVersion = "Xcode 9.3";
			developmentRegion = en;
			hasScannedForEncodings = 0;
			knownRegions = (
				en,
				Base,
			);
			mainGroup = FADCF620225BC4E600D65E87;
			productRefGroup = FADCF62A225BC4E600D65E87 /* Products */;
			projectDirPath = "";
			projectRoot = "";
			targets = (
				FADCF628225BC4E600D65E87 /* VKDakhelOlga */,
			);
		};
/* End PBXProject section */

/* Begin PBXResourcesBuildPhase section */
		FADCF627225BC4E600D65E87 /* Resources */ = {
			isa = PBXResourcesBuildPhase;
			buildActionMask = 2147483647;
			files = (
				FADCF65E225BC54400D65E87 /* Main.storyboard in Resources */,
				FAA746DA226FB08D00AC7C1F /* Assets.xcassets in Resources */,
				FADCF637225BC4E700D65E87 /* LaunchScreen.storyboard in Resources */,
			);
			runOnlyForDeploymentPostprocessing = 0;
		};
/* End PBXResourcesBuildPhase section */

/* Begin PBXShellScriptBuildPhase section */
		0C18F9146CC685FA74AC564C /* [CP] Check Pods Manifest.lock */ = {
			isa = PBXShellScriptBuildPhase;
			buildActionMask = 2147483647;
			files = (
			);
			inputFileListPaths = (
			);
			inputPaths = (
				"${PODS_PODFILE_DIR_PATH}/Podfile.lock",
				"${PODS_ROOT}/Manifest.lock",
			);
			name = "[CP] Check Pods Manifest.lock";
			outputFileListPaths = (
			);
			outputPaths = (
				"$(DERIVED_FILE_DIR)/Pods-VKDakhelOlga-checkManifestLockResult.txt",
			);
			runOnlyForDeploymentPostprocessing = 0;
			shellPath = /bin/sh;
			shellScript = "diff \"${PODS_PODFILE_DIR_PATH}/Podfile.lock\" \"${PODS_ROOT}/Manifest.lock\" > /dev/null\nif [ $? != 0 ] ; then\n    # print error to STDERR\n    echo \"error: The sandbox is not in sync with the Podfile.lock. Run 'pod install' or update your CocoaPods installation.\" >&2\n    exit 1\nfi\n# This output is used by Xcode 'outputs' to avoid re-running this script phase.\necho \"SUCCESS\" > \"${SCRIPT_OUTPUT_FILE_0}\"\n";
			showEnvVarsInLog = 0;
		};
		7FB25036E0F375540303D073 /* [CP] Embed Pods Frameworks */ = {
			isa = PBXShellScriptBuildPhase;
			buildActionMask = 2147483647;
			files = (
			);
			inputFileListPaths = (
			);
			inputPaths = (
				"${PODS_ROOT}/Target Support Files/Pods-VKDakhelOlga/Pods-VKDakhelOlga-frameworks.sh",
				"${BUILT_PRODUCTS_DIR}/Alamofire/Alamofire.framework",
				"${BUILT_PRODUCTS_DIR}/Kingfisher/Kingfisher.framework",
				"${BUILT_PRODUCTS_DIR}/Realm/Realm.framework",
				"${BUILT_PRODUCTS_DIR}/RealmSwift/RealmSwift.framework",
				"${BUILT_PRODUCTS_DIR}/SwiftyJSON/SwiftyJSON.framework",
			);
			name = "[CP] Embed Pods Frameworks";
			outputFileListPaths = (
			);
			outputPaths = (
				"${TARGET_BUILD_DIR}/${FRAMEWORKS_FOLDER_PATH}/Alamofire.framework",
				"${TARGET_BUILD_DIR}/${FRAMEWORKS_FOLDER_PATH}/Kingfisher.framework",
				"${TARGET_BUILD_DIR}/${FRAMEWORKS_FOLDER_PATH}/Realm.framework",
				"${TARGET_BUILD_DIR}/${FRAMEWORKS_FOLDER_PATH}/RealmSwift.framework",
				"${TARGET_BUILD_DIR}/${FRAMEWORKS_FOLDER_PATH}/SwiftyJSON.framework",
			);
			runOnlyForDeploymentPostprocessing = 0;
			shellPath = /bin/sh;
			shellScript = "\"${PODS_ROOT}/Target Support Files/Pods-VKDakhelOlga/Pods-VKDakhelOlga-frameworks.sh\"\n";
			showEnvVarsInLog = 0;
		};
/* End PBXShellScriptBuildPhase section */

/* Begin PBXSourcesBuildPhase section */
		FADCF625225BC4E600D65E87 /* Sources */ = {
			isa = PBXSourcesBuildPhase;
			buildActionMask = 2147483647;
			files = (
				FAD3C2EB2284535E001E1504 /* Photo.swift in Sources */,
				FAB47507227B1C9C00EE585C /* BigPhotoController.swift in Sources */,
				FADCF655225BC54400D65E87 /* FriendsPhotoController.swift in Sources */,
				FAA08092225D285100D3FC47 /* User.swift in Sources */,
				FAB7889F2271FADD00FA0708 /* NewsController.swift in Sources */,
				FA117368228EFB7E0011F1E4 /* Account.swift in Sources */,
				FADCF657225BC54400D65E87 /* MainScreenController.swift in Sources */,
				FABA3F7722940F9700F8D420 /* NetworkingService.swift in Sources */,
				FA3F8A582285D5350037461E /* CustomNavigationController.swift in Sources */,
				FAA0808A225D019E00D3FC47 /* GroupCell.swift in Sources */,
				FADCF654225BC54400D65E87 /* AddGroupController.swift in Sources */,
				FAB788A9227479F700FA0708 /* News.swift in Sources */,
				FAB4750122778D5300EE585C /* Indicator.swift in Sources */,
				FAA0808C225D0CEA00D3FC47 /* PhotoCell.swift in Sources */,
				FA96441322A1A1EF001212D9 /* UIViewController+Ext.swift in Sources */,
				FA3F8A562285D04E0037461E /* CustomSegue.swift in Sources */,
				FAB788A32271FF0400FA0708 /* NewsTextCell.swift in Sources */,
				FABA3F792294101900F8D420 /* LoginVKController.swift in Sources */,
				FAB788A72271FF5D00FA0708 /* NewsControlCell.swift in Sources */,
				FA74AB8A226B404D00CAFDF5 /* GradientView.swift in Sources */,
				FAAAE1A72264F4190009A984 /* ShadowView.swift in Sources */,
				FAD3C2D422821916001E1504 /* Animator.swift in Sources */,
				FAB788A52271FF3F00FA0708 /* NewsImageCell.swift in Sources */,
				FAAAE1AA2265F8F90009A984 /* LikeControl.swift in Sources */,
				FADCF653225BC54400D65E87 /* AddFriendController.swift in Sources */,
				FADCF659225BC54400D65E87 /* MyGroupsController.swift in Sources */,
				FADCF656225BC54400D65E87 /* LoginController.swift in Sources */,
				FADCF658225BC54400D65E87 /* MyFriendsController.swift in Sources */,
				FAB47503227AF66900EE585C /* LoadingDotsView.swift in Sources */,
				FAA0808F225D24FB00D3FC47 /* Group.swift in Sources */,
				FA41E670225BCE45004E2856 /* MyFriendsCell.swift in Sources */,
				FADCF62D225BC4E600D65E87 /* AppDelegate.swift in Sources */,
				FAB788A12271FEE500FA0708 /* NewsHeaderCell.swift in Sources */,
			);
			runOnlyForDeploymentPostprocessing = 0;
		};
/* End PBXSourcesBuildPhase section */

/* Begin PBXVariantGroup section */
		FADCF635225BC4E700D65E87 /* LaunchScreen.storyboard */ = {
			isa = PBXVariantGroup;
			children = (
				FADCF636225BC4E700D65E87 /* Base */,
			);
			name = LaunchScreen.storyboard;
			sourceTree = "<group>";
		};
		FADCF64F225BC54400D65E87 /* Main.storyboard */ = {
			isa = PBXVariantGroup;
			children = (
				FADCF650225BC54400D65E87 /* Base */,
			);
			name = Main.storyboard;
			sourceTree = "<group>";
		};
/* End PBXVariantGroup section */

/* Begin XCBuildConfiguration section */
		FADCF639225BC4E700D65E87 /* Debug */ = {
			isa = XCBuildConfiguration;
			buildSettings = {
				ALWAYS_SEARCH_USER_PATHS = NO;
				CLANG_ANALYZER_NONNULL = YES;
				CLANG_ANALYZER_NUMBER_OBJECT_CONVERSION = YES_AGGRESSIVE;
				CLANG_CXX_LANGUAGE_STANDARD = "gnu++14";
				CLANG_CXX_LIBRARY = "libc++";
				CLANG_ENABLE_MODULES = YES;
				CLANG_ENABLE_OBJC_ARC = YES;
				CLANG_ENABLE_OBJC_WEAK = YES;
				CLANG_WARN_BLOCK_CAPTURE_AUTORELEASING = YES;
				CLANG_WARN_BOOL_CONVERSION = YES;
				CLANG_WARN_COMMA = YES;
				CLANG_WARN_CONSTANT_CONVERSION = YES;
				CLANG_WARN_DEPRECATED_OBJC_IMPLEMENTATIONS = YES;
				CLANG_WARN_DIRECT_OBJC_ISA_USAGE = YES_ERROR;
				CLANG_WARN_DOCUMENTATION_COMMENTS = YES;
				CLANG_WARN_EMPTY_BODY = YES;
				CLANG_WARN_ENUM_CONVERSION = YES;
				CLANG_WARN_INFINITE_RECURSION = YES;
				CLANG_WARN_INT_CONVERSION = YES;
				CLANG_WARN_NON_LITERAL_NULL_CONVERSION = YES;
				CLANG_WARN_OBJC_IMPLICIT_RETAIN_SELF = YES;
				CLANG_WARN_OBJC_LITERAL_CONVERSION = YES;
				CLANG_WARN_OBJC_ROOT_CLASS = YES_ERROR;
				CLANG_WARN_RANGE_LOOP_ANALYSIS = YES;
				CLANG_WARN_STRICT_PROTOTYPES = YES;
				CLANG_WARN_SUSPICIOUS_MOVE = YES;
				CLANG_WARN_UNGUARDED_AVAILABILITY = YES_AGGRESSIVE;
				CLANG_WARN_UNREACHABLE_CODE = YES;
				CLANG_WARN__DUPLICATE_METHOD_MATCH = YES;
				CODE_SIGN_IDENTITY = "iPhone Developer";
				COPY_PHASE_STRIP = NO;
				DEBUG_INFORMATION_FORMAT = dwarf;
				ENABLE_STRICT_OBJC_MSGSEND = YES;
				ENABLE_TESTABILITY = YES;
				GCC_C_LANGUAGE_STANDARD = gnu11;
				GCC_DYNAMIC_NO_PIC = NO;
				GCC_NO_COMMON_BLOCKS = YES;
				GCC_OPTIMIZATION_LEVEL = 0;
				GCC_PREPROCESSOR_DEFINITIONS = (
					"DEBUG=1",
					"$(inherited)",
				);
				GCC_WARN_64_TO_32_BIT_CONVERSION = YES;
				GCC_WARN_ABOUT_RETURN_TYPE = YES_ERROR;
				GCC_WARN_UNDECLARED_SELECTOR = YES;
				GCC_WARN_UNINITIALIZED_AUTOS = YES_AGGRESSIVE;
				GCC_WARN_UNUSED_FUNCTION = YES;
				GCC_WARN_UNUSED_VARIABLE = YES;
				IPHONEOS_DEPLOYMENT_TARGET = 12.1;
				MTL_ENABLE_DEBUG_INFO = INCLUDE_SOURCE;
				MTL_FAST_MATH = YES;
				ONLY_ACTIVE_ARCH = YES;
				SDKROOT = iphoneos;
				SWIFT_ACTIVE_COMPILATION_CONDITIONS = DEBUG;
				SWIFT_OPTIMIZATION_LEVEL = "-Onone";
			};
			name = Debug;
		};
		FADCF63A225BC4E700D65E87 /* Release */ = {
			isa = XCBuildConfiguration;
			buildSettings = {
				ALWAYS_SEARCH_USER_PATHS = NO;
				CLANG_ANALYZER_NONNULL = YES;
				CLANG_ANALYZER_NUMBER_OBJECT_CONVERSION = YES_AGGRESSIVE;
				CLANG_CXX_LANGUAGE_STANDARD = "gnu++14";
				CLANG_CXX_LIBRARY = "libc++";
				CLANG_ENABLE_MODULES = YES;
				CLANG_ENABLE_OBJC_ARC = YES;
				CLANG_ENABLE_OBJC_WEAK = YES;
				CLANG_WARN_BLOCK_CAPTURE_AUTORELEASING = YES;
				CLANG_WARN_BOOL_CONVERSION = YES;
				CLANG_WARN_COMMA = YES;
				CLANG_WARN_CONSTANT_CONVERSION = YES;
				CLANG_WARN_DEPRECATED_OBJC_IMPLEMENTATIONS = YES;
				CLANG_WARN_DIRECT_OBJC_ISA_USAGE = YES_ERROR;
				CLANG_WARN_DOCUMENTATION_COMMENTS = YES;
				CLANG_WARN_EMPTY_BODY = YES;
				CLANG_WARN_ENUM_CONVERSION = YES;
				CLANG_WARN_INFINITE_RECURSION = YES;
				CLANG_WARN_INT_CONVERSION = YES;
				CLANG_WARN_NON_LITERAL_NULL_CONVERSION = YES;
				CLANG_WARN_OBJC_IMPLICIT_RETAIN_SELF = YES;
				CLANG_WARN_OBJC_LITERAL_CONVERSION = YES;
				CLANG_WARN_OBJC_ROOT_CLASS = YES_ERROR;
				CLANG_WARN_RANGE_LOOP_ANALYSIS = YES;
				CLANG_WARN_STRICT_PROTOTYPES = YES;
				CLANG_WARN_SUSPICIOUS_MOVE = YES;
				CLANG_WARN_UNGUARDED_AVAILABILITY = YES_AGGRESSIVE;
				CLANG_WARN_UNREACHABLE_CODE = YES;
				CLANG_WARN__DUPLICATE_METHOD_MATCH = YES;
				CODE_SIGN_IDENTITY = "iPhone Developer";
				COPY_PHASE_STRIP = NO;
				DEBUG_INFORMATION_FORMAT = "dwarf-with-dsym";
				ENABLE_NS_ASSERTIONS = NO;
				ENABLE_STRICT_OBJC_MSGSEND = YES;
				GCC_C_LANGUAGE_STANDARD = gnu11;
				GCC_NO_COMMON_BLOCKS = YES;
				GCC_WARN_64_TO_32_BIT_CONVERSION = YES;
				GCC_WARN_ABOUT_RETURN_TYPE = YES_ERROR;
				GCC_WARN_UNDECLARED_SELECTOR = YES;
				GCC_WARN_UNINITIALIZED_AUTOS = YES_AGGRESSIVE;
				GCC_WARN_UNUSED_FUNCTION = YES;
				GCC_WARN_UNUSED_VARIABLE = YES;
				IPHONEOS_DEPLOYMENT_TARGET = 12.1;
				MTL_ENABLE_DEBUG_INFO = NO;
				MTL_FAST_MATH = YES;
				SDKROOT = iphoneos;
				SWIFT_COMPILATION_MODE = wholemodule;
				SWIFT_OPTIMIZATION_LEVEL = "-O";
				VALIDATE_PRODUCT = YES;
			};
			name = Release;
		};
		FADCF63C225BC4E700D65E87 /* Debug */ = {
			isa = XCBuildConfiguration;
			baseConfigurationReference = 21FA2082255EE22570BD91AC /* Pods-VKDakhelOlga.debug.xcconfig */;
			buildSettings = {
				ASSETCATALOG_COMPILER_APPICON_NAME = AppIcon;
				CODE_SIGN_STYLE = Automatic;
				DEVELOPMENT_TEAM = 7Y46MAFM54;
				INFOPLIST_FILE = VKDakhelOlga/Info.plist;
				LD_RUNPATH_SEARCH_PATHS = (
					"$(inherited)",
					"@executable_path/Frameworks",
				);
				PRODUCT_BUNDLE_IDENTIFIER = com.example.VKDakhelOlga;
				PRODUCT_NAME = "$(TARGET_NAME)";
				SWIFT_VERSION = 5.0;
				TARGETED_DEVICE_FAMILY = "1,2";
			};
			name = Debug;
		};
		FADCF63D225BC4E700D65E87 /* Release */ = {
			isa = XCBuildConfiguration;
			baseConfigurationReference = 42AC2330D77AAF4556A13558 /* Pods-VKDakhelOlga.release.xcconfig */;
			buildSettings = {
				ASSETCATALOG_COMPILER_APPICON_NAME = AppIcon;
				CODE_SIGN_STYLE = Automatic;
				DEVELOPMENT_TEAM = 7Y46MAFM54;
				INFOPLIST_FILE = VKDakhelOlga/Info.plist;
				LD_RUNPATH_SEARCH_PATHS = (
					"$(inherited)",
					"@executable_path/Frameworks",
				);
				PRODUCT_BUNDLE_IDENTIFIER = com.example.VKDakhelOlga;
				PRODUCT_NAME = "$(TARGET_NAME)";
				SWIFT_VERSION = 5.0;
				TARGETED_DEVICE_FAMILY = "1,2";
			};
			name = Release;
		};
/* End XCBuildConfiguration section */

/* Begin XCConfigurationList section */
		FADCF624225BC4E600D65E87 /* Build configuration list for PBXProject "VKDakhelOlga" */ = {
			isa = XCConfigurationList;
			buildConfigurations = (
				FADCF639225BC4E700D65E87 /* Debug */,
				FADCF63A225BC4E700D65E87 /* Release */,
			);
			defaultConfigurationIsVisible = 0;
			defaultConfigurationName = Release;
		};
		FADCF63B225BC4E700D65E87 /* Build configuration list for PBXNativeTarget "VKDakhelOlga" */ = {
			isa = XCConfigurationList;
			buildConfigurations = (
				FADCF63C225BC4E700D65E87 /* Debug */,
				FADCF63D225BC4E700D65E87 /* Release */,
			);
			defaultConfigurationIsVisible = 0;
			defaultConfigurationName = Release;
		};
/* End XCConfigurationList section */
	};
	rootObject = FADCF621225BC4E600D65E87 /* Project object */;
}
